
Microsoft Visual Studio Solution File, Format Version 11.00
# Visual Studio 2010
Project("{FAE04EC0-301F-11D3-BF4B-00C04F79EFBC}") = "foursquare2rdf", "foursquare2rdf.csproj", "{1A2E0105-B6E5-4CB3-A3E8-AE457397CAB8}"
EndProject
Global
	GlobalSection(SolutionConfigurationPlatforms) = preSolution
		Debug|Any CPU = Debug|Any CPU
		Release|Any CPU = Release|Any CPU
	EndGlobalSection
	GlobalSection(ProjectConfigurationPlatforms) = postSolution
		{1A2E0105-B6E5-4CB3-A3E8-AE457397CAB8}.Debug|Any CPU.ActiveCfg = Debug|Any CPU
		{1A2E0105-B6E5-4CB3-A3E8-AE457397CAB8}.Debug|Any CPU.Build.0 = Debug|Any CPU
		{1A2E0105-B6E5-4CB3-A3E8-AE457397CAB8}.Release|Any CPU.ActiveCfg = Release|Any CPU
		{1A2E0105-B6E5-4CB3-A3E8-AE457397CAB8}.Release|Any CPU.Build.0 = Release|Any CPU
	EndGlobalSection
	GlobalSection(SolutionProperties) = preSolution
		HideSolutionNode = FALSE
	EndGlobalSection
EndGlobal
